
Microsoft Visual Studio Solution File, Format Version 12.00
# Visual Studio 15
VisualStudioVersion = 15.0.28307.106
MinimumVisualStudioVersion = 10.0.40219.1
Project("{FAE04EC0-301F-11D3-BF4B-00C04F79EFBC}") = "TestWebApp", "TestWebApp\TestWebApp.csproj", "{F858E884-C5E1-471A-8B6E-A99DFF58BC31}"
EndProject
Project("{FAE04EC0-301F-11D3-BF4B-00C04F79EFBC}") = "UnitTest", "UnitTest\UnitTest.csproj", "{CA820FB3-F361-4231-A86E-3048EEF27760}"
EndProject
Global
	GlobalSection(SolutionConfigurationPlatforms) = preSolution
		Debug|Any CPU = Debug|Any CPU
		Release|Any CPU = Release|Any CPU
	EndGlobalSection
	GlobalSection(ProjectConfigurationPlatforms) = postSolution
		{F858E884-C5E1-471A-8B6E-A99DFF58BC31}.Debug|Any CPU.ActiveCfg = Debug|Any CPU
		{F858E884-C5E1-471A-8B6E-A99DFF58BC31}.Debug|Any CPU.Build.0 = Debug|Any CPU
		{F858E884-C5E1-471A-8B6E-A99DFF58BC31}.Release|Any CPU.ActiveCfg = Release|Any CPU
		{F858E884-C5E1-471A-8B6E-A99DFF58BC31}.Release|Any CPU.Build.0 = Release|Any CPU
		{CA820FB3-F361-4231-A86E-3048EEF27760}.Debug|Any CPU.ActiveCfg = Debug|Any CPU
		{CA820FB3-F361-4231-A86E-3048EEF27760}.Debug|Any CPU.Build.0 = Debug|Any CPU
		{CA820FB3-F361-4231-A86E-3048EEF27760}.Release|Any CPU.ActiveCfg = Release|Any CPU
		{CA820FB3-F361-4231-A86E-3048EEF27760}.Release|Any CPU.Build.0 = Release|Any CPU
	EndGlobalSection
	GlobalSection(SolutionProperties) = preSolution
		HideSolutionNode = FALSE
	EndGlobalSection
	GlobalSection(ExtensibilityGlobals) = postSolution
		SolutionGuid = {0C11ACC5-3CC1-43FE-A6AB-8DBAA10278FB}
	EndGlobalSection
EndGlobal
